<?xml version="1.0" encoding="utf-8"?>
<Project ToolsVersion="4.0" xmlns="http://schemas.microsoft.com/developer/msbuild/2003">
  <ItemGroup>
    <Filter Include="Source Files">
      <UniqueIdentifier>{ad3fc87d-e288-449c-8b6d-ffb3e781e07b}</UniqueIdentifier>
      <Extensions>cpp;c;cxx;rc;def;r;odl;idl;hpj;bat</Extensions>
    </Filter>
    <Filter Include="Header Files">
      <UniqueIdentifier>{425dc4eb-9854-47fd-bee4-38a1f46df88a}</UniqueIdentifier>
      <Extensions>h;hpp;hxx;hm;inl</Extensions>
    </Filter>
    <Filter Include="Resource Files">
      <UniqueIdentifier>{0e2ef7c5-ea7e-43a1-ae69-44fa6da62af3}</UniqueIdentifier>
      <Extensions>ico;cur;bmp;dlg;rc2;rct;bin;rgs;gif;jpg;jpeg;jpe</Extensions>
    </Filter>
    <Filter Include="Help Files">
      <UniqueIdentifier>{20c81b9d-e619-4b1d-ba27-3a099f69f4bf}</UniqueIdentifier>
      <Extensions>cnt;rtf</Extensions>
    </Filter>
  </ItemGroup>
  <ItemGroup>
    <ClCompile Include="Accounts.cpp">
      <Filter>Source Files</Filter>
    </ClCompile>
    <ClCompile Include="AutoOnOff.cpp">
      <Filter>Source Files</Filter>
    </ClCompile>
    <ClCompile Include="ButonPreset.cpp">
      <Filter>Source Files</Filter>
    </ClCompile>
    <ClCompile Include="ChildFrm.cpp">
      <Filter>Source Files</Filter>
    </ClCompile>
    <ClCompile Include="ColorStatic.cpp">
      <Filter>Source Files</Filter>
    </ClCompile>
    <ClCompile Include="DataViewData.cpp">
      <Filter>Source Files</Filter>
    </ClCompile>
    <ClCompile Include="DataViewDoc.cpp">
      <Filter>Source Files</Filter>
    </ClCompile>
    <ClCompile Include="DataViewView.cpp">
      <Filter>Source Files</Filter>
    </ClCompile>
    <ClCompile Include="DateTimeLimits.cpp">
      <Filter>Source Files</Filter>
    </ClCompile>
    <ClCompile Include="DeviceSetup.cpp">
      <Filter>Source Files</Filter>
    </ClCompile>
    <ClCompile Include="DisabledLamps.cpp">
      <Filter>Source Files</Filter>
    </ClCompile>
    <ClCompile Include="DynamicLED.cpp">
      <Filter>Source Files</Filter>
    </ClCompile>
    <ClCompile Include="EditName.cpp">
      <Filter>Source Files</Filter>
    </ClCompile>
    <ClCompile Include="EnergyMeters.cpp">
      <Filter>Source Files</Filter>
    </ClCompile>
    <ClCompile Include="HardwareBase.cpp">
      <Filter>Source Files</Filter>
    </ClCompile>
    <ClCompile Include="HardwareCom.cpp">
      <Filter>Source Files</Filter>
    </ClCompile>
    <ClCompile Include="HardwareSetup.cpp">
      <Filter>Source Files</Filter>
    </ClCompile>
    <ClCompile Include="HardwareTCP.cpp">
      <Filter>Source Files</Filter>
    </ClCompile>
    <ClCompile Include="JennicModule.cpp">
      <Filter>Source Files</Filter>
    </ClCompile>
    <ClCompile Include="LampGroups.cpp">
      <Filter>Source Files</Filter>
    </ClCompile>
    <ClCompile Include="LampInRouterSetup.cpp">
      <Filter>Source Files</Filter>
    </ClCompile>
    <ClCompile Include="LampPS.cpp">
      <Filter>Source Files</Filter>
    </ClCompile>
    <ClCompile Include="LampSetup.cpp">
      <Filter>Source Files</Filter>
    </ClCompile>
    <ClCompile Include="MainFrm.cpp">
      <Filter>Source Files</Filter>
    </ClCompile>
    <ClCompile Include="MyCurrency.cpp">
      <Filter>Source Files</Filter>
    </ClCompile>
    <ClCompile Include="NewOperator.cpp">
      <Filter>Source Files</Filter>
    </ClCompile>
    <ClCompile Include="OperatorManager.cpp">
      <Filter>Source Files</Filter>
    </ClCompile>
    <ClCompile Include="OperatorSelect.cpp">
      <Filter>Source Files</Filter>
    </ClCompile>
    <ClCompile Include="OperatorSetup.cpp">
      <Filter>Source Files</Filter>
    </ClCompile>
    <ClCompile Include="PageSetup.cpp">
      <Filter>Source Files</Filter>
    </ClCompile>
    <ClCompile Include="PCNumber.cpp">
      <Filter>Source Files</Filter>
    </ClCompile>
    <ClCompile Include="PropertySheetTabs.cpp">
      <Filter>Source Files</Filter>
    </ClCompile>
    <ClCompile Include="RouterSelect.cpp">
      <Filter>Source Files</Filter>
    </ClCompile>
    <ClCompile Include="ServerTCP.cpp">
      <Filter>Source Files</Filter>
    </ClCompile>
    <ClCompile Include="StdAfx.cpp">
      <Filter>Source Files</Filter>
    </ClCompile>
    <ClCompile Include="StringInTextLine.cpp">
      <Filter>Source Files</Filter>
    </ClCompile>
    <ClCompile Include="SunSet.cpp">
      <Filter>Source Files</Filter>
    </ClCompile>
    <ClCompile Include="TextLine.cpp">
      <Filter>Source Files</Filter>
    </ClCompile>
    <ClCompile Include="TimerSetup.cpp">
      <Filter>Source Files</Filter>
    </ClCompile>
    <ClCompile Include="TimersInRoutersSetup.cpp">
      <Filter>Source Files</Filter>
    </ClCompile>
    <ClCompile Include="TracerViewBase.cpp">
      <Filter>Source Files</Filter>
    </ClCompile>
    <ClCompile Include="TracerViewSmal.cpp">
      <Filter>Source Files</Filter>
    </ClCompile>
    <ClCompile Include="TV_Tracers.cpp">
      <Filter>Source Files</Filter>
    </ClCompile>
    <ClCompile Include="TV_TracersDoc.cpp">
      <Filter>Source Files</Filter>
    </ClCompile>
    <ClCompile Include="TV_TracersView.cpp">
      <Filter>Source Files</Filter>
    </ClCompile>
    <ClCompile Include="TypeLampSetup.cpp">
      <Filter>Source Files</Filter>
    </ClCompile>
    <ClCompile Include="WpanSetup.cpp">
      <Filter>Source Files</Filter>
    </ClCompile>
  </ItemGroup>
  <ItemGroup>
    <ClInclude Include="AutoOnOff.h">
      <Filter>Header Files</Filter>
    </ClInclude>
    <ClInclude Include="ButonPreset.h">
      <Filter>Header Files</Filter>
    </ClInclude>
    <ClInclude Include="ChildFrm.h">
      <Filter>Header Files</Filter>
    </ClInclude>
    <ClInclude Include="ColorStatic.h">
      <Filter>Header Files</Filter>
    </ClInclude>
    <ClInclude Include="DataViewData.h">
      <Filter>Header Files</Filter>
    </ClInclude>
    <ClInclude Include="DataViewDoc.h">
      <Filter>Header Files</Filter>
    </ClInclude>
    <ClInclude Include="DataViewView.h">
      <Filter>Header Files</Filter>
    </ClInclude>
    <ClInclude Include="DateTimeLimits.h">
      <Filter>Header Files</Filter>
    </ClInclude>
    <ClInclude Include="DeviceSetup.h">
      <Filter>Header Files</Filter>
    </ClInclude>
    <ClInclude Include="DisabledLamps.h">
      <Filter>Header Files</Filter>
    </ClInclude>
    <ClInclude Include="DynamicLED.h">
      <Filter>Header Files</Filter>
    </ClInclude>
    <ClInclude Include="DynamicLib.h">
      <Filter>Header Files</Filter>
    </ClInclude>
    <ClInclude Include="EditName.h">
      <Filter>Header Files</Filter>
    </ClInclude>
    <ClInclude Include="EnergyMeters.h">
      <Filter>Header Files</Filter>
    </ClInclude>
    <ClInclude Include="HardwareBase.h">
      <Filter>Header Files</Filter>
    </ClInclude>
    <ClInclude Include="HardwareCom.h">
      <Filter>Header Files</Filter>
    </ClInclude>
    <ClInclude Include="HardwareSetup.h">
      <Filter>Header Files</Filter>
    </ClInclude>
    <ClInclude Include="HardwareTCP.h">
      <Filter>Header Files</Filter>
    </ClInclude>
    <ClInclude Include="JennicModule.h">
      <Filter>Header Files</Filter>
    </ClInclude>
    <ClInclude Include="LampGroups.h">
      <Filter>Header Files</Filter>
    </ClInclude>
    <ClInclude Include="LampInRouterSetup.h">
      <Filter>Header Files</Filter>
    </ClInclude>
    <ClInclude Include="LampPS.h">
      <Filter>Header Files</Filter>
    </ClInclude>
    <ClInclude Include="LampSetup.h">
      <Filter>Header Files</Filter>
    </ClInclude>
    <ClInclude Include="MainFrm.h">
      <Filter>Header Files</Filter>
    </ClInclude>
    <ClInclude Include="Message.h">
      <Filter>Header Files</Filter>
    </ClInclude>
    <ClInclude Include="MyCurrency.h">
      <Filter>Header Files</Filter>
    </ClInclude>
    <ClInclude Include="NewOperator.h">
      <Filter>Header Files</Filter>
    </ClInclude>
    <ClInclude Include="OperatorManager.h">
      <Filter>Header Files</Filter>
    </ClInclude>
    <ClInclude Include="OperatorSelect.h">
      <Filter>Header Files</Filter>
    </ClInclude>
    <ClInclude Include="OperatorSetup.h">
      <Filter>Header Files</Filter>
    </ClInclude>
    <ClInclude Include="PageSetup.h">
      <Filter>Header Files</Filter>
    </ClInclude>
    <ClInclude Include="PCNumber.h">
      <Filter>Header Files</Filter>
    </ClInclude>
    <ClInclude Include="PropertySheetTabs.h">
      <Filter>Header Files</Filter>
    </ClInclude>
    <ClInclude Include="RouterSelect.h">
      <Filter>Header Files</Filter>
    </ClInclude>
    <ClInclude Include="ServerTCP.h">
      <Filter>Header Files</Filter>
    </ClInclude>
    <ClInclude Include="StdAfx.h">
      <Filter>Header Files</Filter>
    </ClInclude>
    <ClInclude Include="StringInTextLine.h">
      <Filter>Header Files</Filter>
    </ClInclude>
    <ClInclude Include="SunSet.h">
      <Filter>Header Files</Filter>
    </ClInclude>
    <ClInclude Include="TextLine.h">
      <Filter>Header Files</Filter>
    </ClInclude>
    <ClInclude Include="TimerSetup.h">
      <Filter>Header Files</Filter>
    </ClInclude>
    <ClInclude Include="TimersInRoutersSetup.h">
      <Filter>Header Files</Filter>
    </ClInclude>
    <ClInclude Include="TracerViewBase.h">
      <Filter>Header Files</Filter>
    </ClInclude>
    <ClInclude Include="TracerViewSmal.h">
      <Filter>Header Files</Filter>
    </ClInclude>
    <ClInclude Include="TV_Tracers.h">
      <Filter>Header Files</Filter>
    </ClInclude>
    <ClInclude Include="TV_TracersDoc.h">
      <Filter>Header Files</Filter>
    </ClInclude>
    <ClInclude Include="TV_TracersView.h">
      <Filter>Header Files</Filter>
    </ClInclude>
    <ClInclude Include="TypeLampSetup.h">
      <Filter>Header Files</Filter>
    </ClInclude>
    <ClInclude Include="WpanSetup.h">
      <Filter>Header Files</Filter>
    </ClInclude>
  </ItemGroup>
  <ItemGroup>
    <Image Include="res\bitmap1.bmp">
      <Filter>Resource Files</Filter>
    </Image>
    <Image Include="res\bitmap_v.bmp">
      <Filter>Resource Files</Filter>
    </Image>
    <Image Include="res\bmp00001.bmp">
      <Filter>Resource Files</Filter>
    </Image>
    <Image Include="res\bmp00002.bmp">
      <Filter>Resource Files</Filter>
    </Image>
    <Image Include="res\bmp00003.bmp">
      <Filter>Resource Files</Filter>
    </Image>
    <Image Include="res\bmp00004.bmp">
      <Filter>Resource Files</Filter>
    </Image>
    <Image Include="res\bmp00005.bmp">
      <Filter>Resource Files</Filter>
    </Image>
    <Image Include="res\ico00001.ico">
      <Filter>Resource Files</Filter>
    </Image>
    <Image Include="res\ico00002.ico">
      <Filter>Resource Files</Filter>
    </Image>
    <Image Include="res\ico00003.ico">
      <Filter>Resource Files</Filter>
    </Image>
    <Image Include="res\ico00004.ico">
      <Filter>Resource Files</Filter>
    </Image>
    <Image Include="res\ico00005.ico">
      <Filter>Resource Files</Filter>
    </Image>
    <Image Include="res\ico00006.ico">
      <Filter>Resource Files</Filter>
    </Image>
    <Image Include="res\ico00007.ico">
      <Filter>Resource Files</Filter>
    </Image>
    <Image Include="res\ico00008.ico">
      <Filter>Resource Files</Filter>
    </Image>
    <Image Include="res\icon1.ico">
      <Filter>Resource Files</Filter>
    </Image>
    <Image Include="res\idr_disp.ico">
      <Filter>Resource Files</Filter>
    </Image>
    <Image Include="res\idr_main.ico">
      <Filter>Resource Files</Filter>
    </Image>
    <Image Include="res\idr_tv_t.ico">
      <Filter>Resource Files</Filter>
    </Image>
    <Image Include="res\mainfram.bmp">
      <Filter>Resource Files</Filter>
    </Image>
    <Image Include="res\Toolbar.bmp">
      <Filter>Resource Files</Filter>
    </Image>
    <Image Include="res\TV_Tracers.ico">
      <Filter>Resource Files</Filter>
    </Image>
    <Image Include="res\TV_TracersDoc.ico">
      <Filter>Resource Files</Filter>
    </Image>
    <Image Include="hlp\AppExit.bmp">
      <Filter>Help Files</Filter>
    </Image>
    <Image Include="hlp\Bullet.bmp">
      <Filter>Help Files</Filter>
    </Image>
    <Image Include="hlp\CurArw2.bmp">
      <Filter>Help Files</Filter>
    </Image>
    <Image Include="hlp\CurArw4.bmp">
      <Filter>Help Files</Filter>
    </Image>
    <Image Include="hlp\CurHelp.bmp">
      <Filter>Help Files</Filter>
    </Image>
    <Image Include="hlp\EditCopy.bmp">
      <Filter>Help Files</Filter>
    </Image>
    <Image Include="hlp\EditCut.bmp">
      <Filter>Help Files</Filter>
    </Image>
    <Image Include="hlp\EditPast.bmp">
      <Filter>Help Files</Filter>
    </Image>
    <Image Include="hlp\EditUndo.bmp">
      <Filter>Help Files</Filter>
    </Image>
    <Image Include="hlp\FileNew.bmp">
      <Filter>Help Files</Filter>
    </Image>
    <Image Include="hlp\FileOpen.bmp">
      <Filter>Help Files</Filter>
    </Image>
    <Image Include="hlp\FilePrnt.bmp">
      <Filter>Help Files</Filter>
    </Image>
    <Image Include="hlp\FileSave.bmp">
      <Filter>Help Files</Filter>
    </Image>
    <Image Include="hlp\HlpSBar.bmp">
      <Filter>Help Files</Filter>
    </Image>
    <Image Include="hlp\HlpTBar.bmp">
      <Filter>Help Files</Filter>
    </Image>
    <Image Include="hlp\RecFirst.bmp">
      <Filter>Help Files</Filter>
    </Image>
    <Image Include="hlp\RecLast.bmp">
      <Filter>Help Files</Filter>
    </Image>
    <Image Include="hlp\RecNext.bmp">
      <Filter>Help Files</Filter>
    </Image>
    <Image Include="hlp\RecPrev.bmp">
      <Filter>Help Files</Filter>
    </Image>
    <Image Include="hlp\Scmax.bmp">
      <Filter>Help Files</Filter>
    </Image>
    <Image Include="hlp\ScMenu.bmp">
      <Filter>Help Files</Filter>
    </Image>
    <Image Include="hlp\Scmin.bmp">
      <Filter>Help Files</Filter>
    </Image>
  </ItemGroup>
  <ItemGroup>
    <Text Include="ReadMe.txt" />
  </ItemGroup>
  <ItemGroup>
    <CustomBuild Include="Resource.h">
      <Filter>Header Files</Filter>
    </CustomBuild>
    <CustomBuild Include="res\TV_Tracers.rc2">
      <Filter>Resource Files</Filter>
    </CustomBuild>
    <CustomBuild Include="hlp\AfxCore.rtf">
      <Filter>Help Files</Filter>
    </CustomBuild>
    <CustomBuild Include="hlp\AfxPrint.rtf">
      <Filter>Help Files</Filter>
    </CustomBuild>
    <CustomBuild Include="hlp\TV_Tracers.cnt">
      <Filter>Help Files</Filter>
    </CustomBuild>
  </ItemGroup>
  <ItemGroup>
    <None Include="ClassDiagram.cd" />
  </ItemGroup>
  <ItemGroup>
    <ResourceCompile Include="TV_Tracers.rc">
      <Filter>Source Files</Filter>
    </ResourceCompile>
  </ItemGroup>
</Project>